// !$*UTF8*$!
{
	archiveVersion = 1;
	classes = {
	};
	objectVersion = 56;
	objects = {

/* Begin PBXBuildFile section */
		B277472A2A1DA4FC0086E0F4 /* AppDelegate.swift in Sources */ = {isa = PBXBuildFile; fileRef = B27747292A1DA4FC0086E0F4 /* AppDelegate.swift */; };
		B277472E2A1DA4FC0086E0F4 /* ViewController.swift in Sources */ = {isa = PBXBuildFile; fileRef = B277472D2A1DA4FC0086E0F4 /* ViewController.swift */; };
		B27747332A1DA4FC0086E0F4 /* Assets.xcassets in Resources */ = {isa = PBXBuildFile; fileRef = B27747322A1DA4FC0086E0F4 /* Assets.xcassets */; };
		B27747362A1DA4FC0086E0F4 /* LaunchScreen.storyboard in Resources */ = {isa = PBXBuildFile; fileRef = B27747342A1DA4FC0086E0F4 /* LaunchScreen.storyboard */; };
		B27747502A1DA8140086E0F4 /* ReactorKit in Frameworks */ = {isa = PBXBuildFile; productRef = B277474F2A1DA8140086E0F4 /* ReactorKit */; };
		B27747532A1DA82E0086E0F4 /* RxCocoa in Frameworks */ = {isa = PBXBuildFile; productRef = B27747522A1DA82E0086E0F4 /* RxCocoa */; };
		B27747552A1DA82E0086E0F4 /* RxRelay in Frameworks */ = {isa = PBXBuildFile; productRef = B27747542A1DA82E0086E0F4 /* RxRelay */; };
		B27747572A1DA82E0086E0F4 /* RxSwift in Frameworks */ = {isa = PBXBuildFile; productRef = B27747562A1DA82E0086E0F4 /* RxSwift */; };
		B277475A2A1DA84E0086E0F4 /* Differentiator in Frameworks */ = {isa = PBXBuildFile; productRef = B27747592A1DA84E0086E0F4 /* Differentiator */; };
		B277475C2A1DA84E0086E0F4 /* RxDataSources in Frameworks */ = {isa = PBXBuildFile; productRef = B277475B2A1DA84E0086E0F4 /* RxDataSources */; };
		B277475F2A1DA8720086E0F4 /* RxMoya in Frameworks */ = {isa = PBXBuildFile; productRef = B277475E2A1DA8720086E0F4 /* RxMoya */; };
		B27747622A1DA8830086E0F4 /* Then in Frameworks */ = {isa = PBXBuildFile; productRef = B27747612A1DA8830086E0F4 /* Then */; };
		B27747652A1DA8950086E0F4 /* Hook in Frameworks */ = {isa = PBXBuildFile; productRef = B27747642A1DA8950086E0F4 /* Hook */; };
		B27747682A1DA9DC0086E0F4 /* Kingfisher in Frameworks */ = {isa = PBXBuildFile; productRef = B27747672A1DA9DC0086E0F4 /* Kingfisher */; };
		B277477F2A1DC03F0086E0F4 /* NetworkServiceType.swift in Sources */ = {isa = PBXBuildFile; fileRef = B277477E2A1DC03F0086E0F4 /* NetworkServiceType.swift */; };
		B27747812A1DC0840086E0F4 /* NetworkService.swift in Sources */ = {isa = PBXBuildFile; fileRef = B27747802A1DC0840086E0F4 /* NetworkService.swift */; };
		B27747842A1DC0EA0086E0F4 /* WeatherTarget.swift in Sources */ = {isa = PBXBuildFile; fileRef = B27747832A1DC0EA0086E0F4 /* WeatherTarget.swift */; };
		B27747892A1DC14C0086E0F4 /* City.swift in Sources */ = {isa = PBXBuildFile; fileRef = B27747882A1DC14C0086E0F4 /* City.swift */; };
		B277478B2A1DC3E00086E0F4 /* AvailableCity.swift in Sources */ = {isa = PBXBuildFile; fileRef = B277478A2A1DC3E00086E0F4 /* AvailableCity.swift */; };
		B277478F2A1DC7F20086E0F4 /* ListViewReactorTests.swift in Sources */ = {isa = PBXBuildFile; fileRef = B277478E2A1DC7F20086E0F4 /* ListViewReactorTests.swift */; };
		B27747922A1DC86A0086E0F4 /* Quick in Frameworks */ = {isa = PBXBuildFile; productRef = B27747912A1DC86A0086E0F4 /* Quick */; };
		B27747942A1DCC070086E0F4 /* NetworkServiceStub.swift in Sources */ = {isa = PBXBuildFile; fileRef = B27747932A1DCC070086E0F4 /* NetworkServiceStub.swift */; };
/* End PBXBuildFile section */

/* Begin PBXContainerItemProxy section */
		B27747452A1DA5080086E0F4 /* PBXContainerItemProxy */ = {
			isa = PBXContainerItemProxy;
			containerPortal = B277471E2A1DA4FC0086E0F4 /* Project object */;
			proxyType = 1;
			remoteGlobalIDString = B27747252A1DA4FC0086E0F4;
			remoteInfo = Weather;
		};
/* End PBXContainerItemProxy section */

/* Begin PBXFileReference section */
		B27747262A1DA4FC0086E0F4 /* Weather.app */ = {isa = PBXFileReference; explicitFileType = wrapper.application; includeInIndex = 0; path = Weather.app; sourceTree = BUILT_PRODUCTS_DIR; };
		B27747292A1DA4FC0086E0F4 /* AppDelegate.swift */ = {isa = PBXFileReference; lastKnownFileType = sourcecode.swift; path = AppDelegate.swift; sourceTree = "<group>"; };
		B277472D2A1DA4FC0086E0F4 /* ViewController.swift */ = {isa = PBXFileReference; lastKnownFileType = sourcecode.swift; path = ViewController.swift; sourceTree = "<group>"; };
		B27747322A1DA4FC0086E0F4 /* Assets.xcassets */ = {isa = PBXFileReference; lastKnownFileType = folder.assetcatalog; path = Assets.xcassets; sourceTree = "<group>"; };
		B27747352A1DA4FC0086E0F4 /* Base */ = {isa = PBXFileReference; lastKnownFileType = file.storyboard; name = Base; path = Base.lproj/LaunchScreen.storyboard; sourceTree = "<group>"; };
		B27747372A1DA4FC0086E0F4 /* Info.plist */ = {isa = PBXFileReference; lastKnownFileType = text.plist.xml; path = Info.plist; sourceTree = "<group>"; };
		B27747412A1DA5080086E0F4 /* WeatherTests.xctest */ = {isa = PBXFileReference; explicitFileType = wrapper.cfbundle; includeInIndex = 0; path = WeatherTests.xctest; sourceTree = BUILT_PRODUCTS_DIR; };
		B277474A2A1DA52D0086E0F4 /* Weather.xctestplan */ = {isa = PBXFileReference; lastKnownFileType = text; path = Weather.xctestplan; sourceTree = "<group>"; };
		B277477E2A1DC03F0086E0F4 /* NetworkServiceType.swift */ = {isa = PBXFileReference; lastKnownFileType = sourcecode.swift; path = NetworkServiceType.swift; sourceTree = "<group>"; };
		B27747802A1DC0840086E0F4 /* NetworkService.swift */ = {isa = PBXFileReference; lastKnownFileType = sourcecode.swift; path = NetworkService.swift; sourceTree = "<group>"; };
		B27747832A1DC0EA0086E0F4 /* WeatherTarget.swift */ = {isa = PBXFileReference; lastKnownFileType = sourcecode.swift; path = WeatherTarget.swift; sourceTree = "<group>"; };
		B27747882A1DC14C0086E0F4 /* City.swift */ = {isa = PBXFileReference; lastKnownFileType = sourcecode.swift; path = City.swift; sourceTree = "<group>"; };
		B277478A2A1DC3E00086E0F4 /* AvailableCity.swift */ = {isa = PBXFileReference; lastKnownFileType = sourcecode.swift; path = AvailableCity.swift; sourceTree = "<group>"; };
		B277478E2A1DC7F20086E0F4 /* ListViewReactorTests.swift */ = {isa = PBXFileReference; lastKnownFileType = sourcecode.swift; path = ListViewReactorTests.swift; sourceTree = "<group>"; };
		B27747932A1DCC070086E0F4 /* NetworkServiceStub.swift */ = {isa = PBXFileReference; lastKnownFileType = sourcecode.swift; path = NetworkServiceStub.swift; sourceTree = "<group>"; };
/* End PBXFileReference section */

/* Begin PBXFrameworksBuildPhase section */
		B27747232A1DA4FC0086E0F4 /* Frameworks */ = {
			isa = PBXFrameworksBuildPhase;
			buildActionMask = 2147483647;
			files = (
				B27747552A1DA82E0086E0F4 /* RxRelay in Frameworks */,
				B27747652A1DA8950086E0F4 /* Hook in Frameworks */,
				B277475A2A1DA84E0086E0F4 /* Differentiator in Frameworks */,
				B27747532A1DA82E0086E0F4 /* RxCocoa in Frameworks */,
				B27747682A1DA9DC0086E0F4 /* Kingfisher in Frameworks */,
				B27747622A1DA8830086E0F4 /* Then in Frameworks */,
				B277475C2A1DA84E0086E0F4 /* RxDataSources in Frameworks */,
				B277475F2A1DA8720086E0F4 /* RxMoya in Frameworks */,
				B27747572A1DA82E0086E0F4 /* RxSwift in Frameworks */,
				B27747502A1DA8140086E0F4 /* ReactorKit in Frameworks */,
			);
			runOnlyForDeploymentPostprocessing = 0;
		};
		B277473E2A1DA5080086E0F4 /* Frameworks */ = {
			isa = PBXFrameworksBuildPhase;
			buildActionMask = 2147483647;
			files = (
				B27747922A1DC86A0086E0F4 /* Quick in Frameworks */,
			);
			runOnlyForDeploymentPostprocessing = 0;
		};
/* End PBXFrameworksBuildPhase section */

/* Begin PBXGroup section */
		B277471D2A1DA4FC0086E0F4 = {
			isa = PBXGroup;
			children = (
				B27747282A1DA4FC0086E0F4 /* Weather */,
				B27747422A1DA5080086E0F4 /* WeatherTests */,
				B27747272A1DA4FC0086E0F4 /* Products */,
			);
			sourceTree = "<group>";
		};
		B27747272A1DA4FC0086E0F4 /* Products */ = {
			isa = PBXGroup;
			children = (
				B27747262A1DA4FC0086E0F4 /* Weather.app */,
				B27747412A1DA5080086E0F4 /* WeatherTests.xctest */,
			);
			name = Products;
			sourceTree = "<group>";
		};
		B27747282A1DA4FC0086E0F4 /* Weather */ = {
			isa = PBXGroup;
			children = (
				B277474D2A1DA6680086E0F4 /* App */,
				B277474C2A1DA6620086E0F4 /* Sources */,
				B277474B2A1DA65D0086E0F4 /* Resources */,
			);
			path = Weather;
			sourceTree = "<group>";
		};
		B27747422A1DA5080086E0F4 /* WeatherTests */ = {
			isa = PBXGroup;
			children = (
				B277474A2A1DA52D0086E0F4 /* Weather.xctestplan */,
				B27747932A1DCC070086E0F4 /* NetworkServiceStub.swift */,
				B277478E2A1DC7F20086E0F4 /* ListViewReactorTests.swift */,
			);
			path = WeatherTests;
			sourceTree = "<group>";
		};
		B277474B2A1DA65D0086E0F4 /* Resources */ = {
			isa = PBXGroup;
			children = (
				B27747322A1DA4FC0086E0F4 /* Assets.xcassets */,
				B27747342A1DA4FC0086E0F4 /* LaunchScreen.storyboard */,
				B27747372A1DA4FC0086E0F4 /* Info.plist */,
			);
			path = Resources;
			sourceTree = "<group>";
		};
		B277474C2A1DA6620086E0F4 /* Sources */ = {
			isa = PBXGroup;
			children = (
				B277477D2A1DBFEF0086E0F4 /* NetworkService */,
				B27747852A1DC1240086E0F4 /* Model */,
				B277472D2A1DA4FC0086E0F4 /* ViewController.swift */,
			);
			path = Sources;
			sourceTree = "<group>";
		};
		B277474D2A1DA6680086E0F4 /* App */ = {
			isa = PBXGroup;
			children = (
				B27747292A1DA4FC0086E0F4 /* AppDelegate.swift */,
			);
			path = App;
			sourceTree = "<group>";
		};
		B277477D2A1DBFEF0086E0F4 /* NetworkService */ = {
			isa = PBXGroup;
			children = (
				B27747822A1DC0CE0086E0F4 /* Target */,
				B277477E2A1DC03F0086E0F4 /* NetworkServiceType.swift */,
				B27747802A1DC0840086E0F4 /* NetworkService.swift */,
			);
			path = NetworkService;
			sourceTree = "<group>";
		};
		B27747822A1DC0CE0086E0F4 /* Target */ = {
			isa = PBXGroup;
			children = (
				B27747832A1DC0EA0086E0F4 /* WeatherTarget.swift */,
			);
			path = Target;
			sourceTree = "<group>";
		};
		B27747852A1DC1240086E0F4 /* Model */ = {
			isa = PBXGroup;
			children = (
				B277478A2A1DC3E00086E0F4 /* AvailableCity.swift */,
				B27747882A1DC14C0086E0F4 /* City.swift */,
			);
			path = Model;
			sourceTree = "<group>";
		};
/* End PBXGroup section */

/* Begin PBXNativeTarget section */
		B27747252A1DA4FC0086E0F4 /* Weather */ = {
			isa = PBXNativeTarget;
			buildConfigurationList = B277473A2A1DA4FC0086E0F4 /* Build configuration list for PBXNativeTarget "Weather" */;
			buildPhases = (
				B27747222A1DA4FC0086E0F4 /* Sources */,
				B27747232A1DA4FC0086E0F4 /* Frameworks */,
				B27747242A1DA4FC0086E0F4 /* Resources */,
			);
			buildRules = (
			);
			dependencies = (
			);
			name = Weather;
			packageProductDependencies = (
				B277474F2A1DA8140086E0F4 /* ReactorKit */,
				B27747522A1DA82E0086E0F4 /* RxCocoa */,
				B27747542A1DA82E0086E0F4 /* RxRelay */,
				B27747562A1DA82E0086E0F4 /* RxSwift */,
				B27747592A1DA84E0086E0F4 /* Differentiator */,
				B277475B2A1DA84E0086E0F4 /* RxDataSources */,
				B277475E2A1DA8720086E0F4 /* RxMoya */,
				B27747612A1DA8830086E0F4 /* Then */,
				B27747642A1DA8950086E0F4 /* Hook */,
				B27747672A1DA9DC0086E0F4 /* Kingfisher */,
			);
			productName = Weather;
			productReference = B27747262A1DA4FC0086E0F4 /* Weather.app */;
			productType = "com.apple.product-type.application";
		};
		B27747402A1DA5080086E0F4 /* WeatherTests */ = {
			isa = PBXNativeTarget;
			buildConfigurationList = B27747472A1DA5080086E0F4 /* Build configuration list for PBXNativeTarget "WeatherTests" */;
			buildPhases = (
				B277473D2A1DA5080086E0F4 /* Sources */,
				B277473E2A1DA5080086E0F4 /* Frameworks */,
				B277473F2A1DA5080086E0F4 /* Resources */,
			);
			buildRules = (
			);
			dependencies = (
				B27747462A1DA5080086E0F4 /* PBXTargetDependency */,
			);
			name = WeatherTests;
			packageProductDependencies = (
				B27747912A1DC86A0086E0F4 /* Quick */,
			);
			productName = WeatherTests;
			productReference = B27747412A1DA5080086E0F4 /* WeatherTests.xctest */;
			productType = "com.apple.product-type.bundle.unit-test";
		};
/* End PBXNativeTarget section */

/* Begin PBXProject section */
		B277471E2A1DA4FC0086E0F4 /* Project object */ = {
			isa = PBXProject;
			attributes = {
				BuildIndependentTargetsInParallel = 1;
				LastSwiftUpdateCheck = 1430;
				LastUpgradeCheck = 1430;
				TargetAttributes = {
					B27747252A1DA4FC0086E0F4 = {
						CreatedOnToolsVersion = 14.3;
					};
					B27747402A1DA5080086E0F4 = {
						CreatedOnToolsVersion = 14.3;
						TestTargetID = B27747252A1DA4FC0086E0F4;
					};
				};
			};
			buildConfigurationList = B27747212A1DA4FC0086E0F4 /* Build configuration list for PBXProject "Weather" */;
			compatibilityVersion = "Xcode 14.0";
			developmentRegion = en;
			hasScannedForEncodings = 0;
			knownRegions = (
				en,
				Base,
			);
			mainGroup = B277471D2A1DA4FC0086E0F4;
			packageReferences = (
				B277474E2A1DA8140086E0F4 /* XCRemoteSwiftPackageReference "ReactorKit" */,
				B27747512A1DA82E0086E0F4 /* XCRemoteSwiftPackageReference "RxSwift" */,
				B27747582A1DA84E0086E0F4 /* XCRemoteSwiftPackageReference "RxDataSources" */,
				B277475D2A1DA8710086E0F4 /* XCRemoteSwiftPackageReference "Moya" */,
				B27747602A1DA8830086E0F4 /* XCRemoteSwiftPackageReference "Then" */,
				B27747632A1DA8950086E0F4 /* XCRemoteSwiftPackageReference "Hook" */,
				B27747662A1DA9DC0086E0F4 /* XCRemoteSwiftPackageReference "Kingfisher" */,
				B27747902A1DC86A0086E0F4 /* XCRemoteSwiftPackageReference "Quick" */,
			);
			productRefGroup = B27747272A1DA4FC0086E0F4 /* Products */;
			projectDirPath = "";
			projectRoot = "";
			targets = (
				B27747252A1DA4FC0086E0F4 /* Weather */,
				B27747402A1DA5080086E0F4 /* WeatherTests */,
			);
		};
/* End PBXProject section */

/* Begin PBXResourcesBuildPhase section */
		B27747242A1DA4FC0086E0F4 /* Resources */ = {
			isa = PBXResourcesBuildPhase;
			buildActionMask = 2147483647;
			files = (
				B27747362A1DA4FC0086E0F4 /* LaunchScreen.storyboard in Resources */,
				B27747332A1DA4FC0086E0F4 /* Assets.xcassets in Resources */,
			);
			runOnlyForDeploymentPostprocessing = 0;
		};
		B277473F2A1DA5080086E0F4 /* Resources */ = {
			isa = PBXResourcesBuildPhase;
			buildActionMask = 2147483647;
			files = (
			);
			runOnlyForDeploymentPostprocessing = 0;
		};
/* End PBXResourcesBuildPhase section */

/* Begin PBXSourcesBuildPhase section */
		B27747222A1DA4FC0086E0F4 /* Sources */ = {
			isa = PBXSourcesBuildPhase;
			buildActionMask = 2147483647;
			files = (
				B277477F2A1DC03F0086E0F4 /* NetworkServiceType.swift in Sources */,
				B277472E2A1DA4FC0086E0F4 /* ViewController.swift in Sources */,
				B27747892A1DC14C0086E0F4 /* City.swift in Sources */,
				B27747812A1DC0840086E0F4 /* NetworkService.swift in Sources */,
				B277478B2A1DC3E00086E0F4 /* AvailableCity.swift in Sources */,
				B27747842A1DC0EA0086E0F4 /* WeatherTarget.swift in Sources */,
				B277472A2A1DA4FC0086E0F4 /* AppDelegate.swift in Sources */,
			);
			runOnlyForDeploymentPostprocessing = 0;
		};
		B277473D2A1DA5080086E0F4 /* Sources */ = {
			isa = PBXSourcesBuildPhase;
			buildActionMask = 2147483647;
			files = (
				B277478F2A1DC7F20086E0F4 /* ListViewReactorTests.swift in Sources */,
				B27747942A1DCC070086E0F4 /* NetworkServiceStub.swift in Sources */,
			);
			runOnlyForDeploymentPostprocessing = 0;
		};
/* End PBXSourcesBuildPhase section */

/* Begin PBXTargetDependency section */
		B27747462A1DA5080086E0F4 /* PBXTargetDependency */ = {
			isa = PBXTargetDependency;
			target = B27747252A1DA4FC0086E0F4 /* Weather */;
			targetProxy = B27747452A1DA5080086E0F4 /* PBXContainerItemProxy */;
		};
/* End PBXTargetDependency section */

/* Begin PBXVariantGroup section */
		B27747342A1DA4FC0086E0F4 /* LaunchScreen.storyboard */ = {
			isa = PBXVariantGroup;
			children = (
				B27747352A1DA4FC0086E0F4 /* Base */,
			);
			name = LaunchScreen.storyboard;
			sourceTree = "<group>";
		};
/* End PBXVariantGroup section */

/* Begin XCBuildConfiguration section */
		B27747382A1DA4FC0086E0F4 /* Debug */ = {
			isa = XCBuildConfiguration;
			buildSettings = {
				ALWAYS_SEARCH_USER_PATHS = NO;
				CLANG_ANALYZER_NONNULL = YES;
				CLANG_ANALYZER_NUMBER_OBJECT_CONVERSION = YES_AGGRESSIVE;
				CLANG_CXX_LANGUAGE_STANDARD = "gnu++20";
				CLANG_ENABLE_MODULES = YES;
				CLANG_ENABLE_OBJC_ARC = YES;
				CLANG_ENABLE_OBJC_WEAK = YES;
				CLANG_WARN_BLOCK_CAPTURE_AUTORELEASING = YES;
				CLANG_WARN_BOOL_CONVERSION = YES;
				CLANG_WARN_COMMA = YES;
				CLANG_WARN_CONSTANT_CONVERSION = YES;
				CLANG_WARN_DEPRECATED_OBJC_IMPLEMENTATIONS = YES;
				CLANG_WARN_DIRECT_OBJC_ISA_USAGE = YES_ERROR;
				CLANG_WARN_DOCUMENTATION_COMMENTS = YES;
				CLANG_WARN_EMPTY_BODY = YES;
				CLANG_WARN_ENUM_CONVERSION = YES;
				CLANG_WARN_INFINITE_RECURSION = YES;
				CLANG_WARN_INT_CONVERSION = YES;
				CLANG_WARN_NON_LITERAL_NULL_CONVERSION = YES;
				CLANG_WARN_OBJC_IMPLICIT_RETAIN_SELF = YES;
				CLANG_WARN_OBJC_LITERAL_CONVERSION = YES;
				CLANG_WARN_OBJC_ROOT_CLASS = YES_ERROR;
				CLANG_WARN_QUOTED_INCLUDE_IN_FRAMEWORK_HEADER = YES;
				CLANG_WARN_RANGE_LOOP_ANALYSIS = YES;
				CLANG_WARN_STRICT_PROTOTYPES = YES;
				CLANG_WARN_SUSPICIOUS_MOVE = YES;
				CLANG_WARN_UNGUARDED_AVAILABILITY = YES_AGGRESSIVE;
				CLANG_WARN_UNREACHABLE_CODE = YES;
				CLANG_WARN__DUPLICATE_METHOD_MATCH = YES;
				COPY_PHASE_STRIP = NO;
				DEBUG_INFORMATION_FORMAT = dwarf;
				ENABLE_STRICT_OBJC_MSGSEND = YES;
				ENABLE_TESTABILITY = YES;
				GCC_C_LANGUAGE_STANDARD = gnu11;
				GCC_DYNAMIC_NO_PIC = NO;
				GCC_NO_COMMON_BLOCKS = YES;
				GCC_OPTIMIZATION_LEVEL = 0;
				GCC_PREPROCESSOR_DEFINITIONS = (
					"DEBUG=1",
					"$(inherited)",
				);
				GCC_WARN_64_TO_32_BIT_CONVERSION = YES;
				GCC_WARN_ABOUT_RETURN_TYPE = YES_ERROR;
				GCC_WARN_UNDECLARED_SELECTOR = YES;
				GCC_WARN_UNINITIALIZED_AUTOS = YES_AGGRESSIVE;
				GCC_WARN_UNUSED_FUNCTION = YES;
				GCC_WARN_UNUSED_VARIABLE = YES;
				IPHONEOS_DEPLOYMENT_TARGET = 15.0;
				MTL_ENABLE_DEBUG_INFO = INCLUDE_SOURCE;
				MTL_FAST_MATH = YES;
				ONLY_ACTIVE_ARCH = YES;
				SDKROOT = iphoneos;
				SWIFT_ACTIVE_COMPILATION_CONDITIONS = DEBUG;
				SWIFT_OPTIMIZATION_LEVEL = "-Onone";
			};
			name = Debug;
		};
		B27747392A1DA4FC0086E0F4 /* Release */ = {
			isa = XCBuildConfiguration;
			buildSettings = {
				ALWAYS_SEARCH_USER_PATHS = NO;
				CLANG_ANALYZER_NONNULL = YES;
				CLANG_ANALYZER_NUMBER_OBJECT_CONVERSION = YES_AGGRESSIVE;
				CLANG_CXX_LANGUAGE_STANDARD = "gnu++20";
				CLANG_ENABLE_MODULES = YES;
				CLANG_ENABLE_OBJC_ARC = YES;
				CLANG_ENABLE_OBJC_WEAK = YES;
				CLANG_WARN_BLOCK_CAPTURE_AUTORELEASING = YES;
				CLANG_WARN_BOOL_CONVERSION = YES;
				CLANG_WARN_COMMA = YES;
				CLANG_WARN_CONSTANT_CONVERSION = YES;
				CLANG_WARN_DEPRECATED_OBJC_IMPLEMENTATIONS = YES;
				CLANG_WARN_DIRECT_OBJC_ISA_USAGE = YES_ERROR;
				CLANG_WARN_DOCUMENTATION_COMMENTS = YES;
				CLANG_WARN_EMPTY_BODY = YES;
				CLANG_WARN_ENUM_CONVERSION = YES;
				CLANG_WARN_INFINITE_RECURSION = YES;
				CLANG_WARN_INT_CONVERSION = YES;
				CLANG_WARN_NON_LITERAL_NULL_CONVERSION = YES;
				CLANG_WARN_OBJC_IMPLICIT_RETAIN_SELF = YES;
				CLANG_WARN_OBJC_LITERAL_CONVERSION = YES;
				CLANG_WARN_OBJC_ROOT_CLASS = YES_ERROR;
				CLANG_WARN_QUOTED_INCLUDE_IN_FRAMEWORK_HEADER = YES;
				CLANG_WARN_RANGE_LOOP_ANALYSIS = YES;
				CLANG_WARN_STRICT_PROTOTYPES = YES;
				CLANG_WARN_SUSPICIOUS_MOVE = YES;
				CLANG_WARN_UNGUARDED_AVAILABILITY = YES_AGGRESSIVE;
				CLANG_WARN_UNREACHABLE_CODE = YES;
				CLANG_WARN__DUPLICATE_METHOD_MATCH = YES;
				COPY_PHASE_STRIP = NO;
				DEBUG_INFORMATION_FORMAT = "dwarf-with-dsym";
				ENABLE_NS_ASSERTIONS = NO;
				ENABLE_STRICT_OBJC_MSGSEND = YES;
				GCC_C_LANGUAGE_STANDARD = gnu11;
				GCC_NO_COMMON_BLOCKS = YES;
				GCC_WARN_64_TO_32_BIT_CONVERSION = YES;
				GCC_WARN_ABOUT_RETURN_TYPE = YES_ERROR;
				GCC_WARN_UNDECLARED_SELECTOR = YES;
				GCC_WARN_UNINITIALIZED_AUTOS = YES_AGGRESSIVE;
				GCC_WARN_UNUSED_FUNCTION = YES;
				GCC_WARN_UNUSED_VARIABLE = YES;
				IPHONEOS_DEPLOYMENT_TARGET = 15.0;
				MTL_ENABLE_DEBUG_INFO = NO;
				MTL_FAST_MATH = YES;
				SDKROOT = iphoneos;
				SWIFT_COMPILATION_MODE = wholemodule;
				SWIFT_OPTIMIZATION_LEVEL = "-O";
				VALIDATE_PRODUCT = YES;
			};
			name = Release;
		};
		B277473B2A1DA4FC0086E0F4 /* Debug */ = {
			isa = XCBuildConfiguration;
			buildSettings = {
				ASSETCATALOG_COMPILER_APPICON_NAME = AppIcon;
				ASSETCATALOG_COMPILER_GLOBAL_ACCENT_COLOR_NAME = AccentColor;
				CODE_SIGN_STYLE = Automatic;
				CURRENT_PROJECT_VERSION = 1;
				ENABLE_TESTING_SEARCH_PATHS = YES;
				GENERATE_INFOPLIST_FILE = YES;
				INFOPLIST_FILE = Weather/Resources/Info.plist;
				INFOPLIST_KEY_UIApplicationSupportsIndirectInputEvents = YES;
				INFOPLIST_KEY_UILaunchStoryboardName = LaunchScreen.storyboard;
				INFOPLIST_KEY_UISupportedInterfaceOrientations_iPad = "UIInterfaceOrientationPortrait UIInterfaceOrientationPortraitUpsideDown UIInterfaceOrientationLandscapeLeft UIInterfaceOrientationLandscapeRight";
				INFOPLIST_KEY_UISupportedInterfaceOrientations_iPhone = "UIInterfaceOrientationPortrait UIInterfaceOrientationLandscapeLeft UIInterfaceOrientationLandscapeRight";
				LD_RUNPATH_SEARCH_PATHS = (
					"$(inherited)",
					"@executable_path/Frameworks",
				);
				MARKETING_VERSION = 1.0;
				PRODUCT_BUNDLE_IDENTIFIER = io.github.lyfeoncloudnine.Weather;
				PRODUCT_NAME = "$(TARGET_NAME)";
				SWIFT_EMIT_LOC_STRINGS = YES;
				SWIFT_VERSION = 5.0;
				TARGETED_DEVICE_FAMILY = "1,2";
			};
			name = Debug;
		};
		B277473C2A1DA4FC0086E0F4 /* Release */ = {
			isa = XCBuildConfiguration;
			buildSettings = {
				ASSETCATALOG_COMPILER_APPICON_NAME = AppIcon;
				ASSETCATALOG_COMPILER_GLOBAL_ACCENT_COLOR_NAME = AccentColor;
				CODE_SIGN_STYLE = Automatic;
				CURRENT_PROJECT_VERSION = 1;
				ENABLE_TESTING_SEARCH_PATHS = YES;
				GENERATE_INFOPLIST_FILE = YES;
				INFOPLIST_FILE = Weather/Resources/Info.plist;
				INFOPLIST_KEY_UIApplicationSupportsIndirectInputEvents = YES;
				INFOPLIST_KEY_UILaunchStoryboardName = LaunchScreen.storyboard;
				INFOPLIST_KEY_UISupportedInterfaceOrientations_iPad = "UIInterfaceOrientationPortrait UIInterfaceOrientationPortraitUpsideDown UIInterfaceOrientationLandscapeLeft UIInterfaceOrientationLandscapeRight";
				INFOPLIST_KEY_UISupportedInterfaceOrientations_iPhone = "UIInterfaceOrientationPortrait UIInterfaceOrientationLandscapeLeft UIInterfaceOrientationLandscapeRight";
				LD_RUNPATH_SEARCH_PATHS = (
					"$(inherited)",
					"@executable_path/Frameworks",
				);
				MARKETING_VERSION = 1.0;
				PRODUCT_BUNDLE_IDENTIFIER = io.github.lyfeoncloudnine.Weather;
				PRODUCT_NAME = "$(TARGET_NAME)";
				SWIFT_EMIT_LOC_STRINGS = YES;
				SWIFT_VERSION = 5.0;
				TARGETED_DEVICE_FAMILY = "1,2";
			};
			name = Release;
		};
		B27747482A1DA5080086E0F4 /* Debug */ = {
			isa = XCBuildConfiguration;
			buildSettings = {
				BUNDLE_LOADER = "$(TEST_HOST)";
				CODE_SIGN_STYLE = Automatic;
				CURRENT_PROJECT_VERSION = 1;
				GENERATE_INFOPLIST_FILE = YES;
				MARKETING_VERSION = 1.0;
				PRODUCT_BUNDLE_IDENTIFIER = io.github.lyfeoncloudnine.WeatherTests;
				PRODUCT_NAME = "$(TARGET_NAME)";
				SWIFT_EMIT_LOC_STRINGS = NO;
				SWIFT_VERSION = 5.0;
				TARGETED_DEVICE_FAMILY = "1,2";
				TEST_HOST = "$(BUILT_PRODUCTS_DIR)/Weather.app/$(BUNDLE_EXECUTABLE_FOLDER_PATH)/Weather";
			};
			name = Debug;
		};
		B27747492A1DA5080086E0F4 /* Release */ = {
			isa = XCBuildConfiguration;
			buildSettings = {
				BUNDLE_LOADER = "$(TEST_HOST)";
				CODE_SIGN_STYLE = Automatic;
				CURRENT_PROJECT_VERSION = 1;
				GENERATE_INFOPLIST_FILE = YES;
				MARKETING_VERSION = 1.0;
				PRODUCT_BUNDLE_IDENTIFIER = io.github.lyfeoncloudnine.WeatherTests;
				PRODUCT_NAME = "$(TARGET_NAME)";
				SWIFT_EMIT_LOC_STRINGS = NO;
				SWIFT_VERSION = 5.0;
				TARGETED_DEVICE_FAMILY = "1,2";
				TEST_HOST = "$(BUILT_PRODUCTS_DIR)/Weather.app/$(BUNDLE_EXECUTABLE_FOLDER_PATH)/Weather";
			};
			name = Release;
		};
/* End XCBuildConfiguration section */

/* Begin XCConfigurationList section */
		B27747212A1DA4FC0086E0F4 /* Build configuration list for PBXProject "Weather" */ = {
			isa = XCConfigurationList;
			buildConfigurations = (
				B27747382A1DA4FC0086E0F4 /* Debug */,
				B27747392A1DA4FC0086E0F4 /* Release */,
			);
			defaultConfigurationIsVisible = 0;
			defaultConfigurationName = Release;
		};
		B277473A2A1DA4FC0086E0F4 /* Build configuration list for PBXNativeTarget "Weather" */ = {
			isa = XCConfigurationList;
			buildConfigurations = (
				B277473B2A1DA4FC0086E0F4 /* Debug */,
				B277473C2A1DA4FC0086E0F4 /* Release */,
			);
			defaultConfigurationIsVisible = 0;
			defaultConfigurationName = Release;
		};
		B27747472A1DA5080086E0F4 /* Build configuration list for PBXNativeTarget "WeatherTests" */ = {
			isa = XCConfigurationList;
			buildConfigurations = (
				B27747482A1DA5080086E0F4 /* Debug */,
				B27747492A1DA5080086E0F4 /* Release */,
			);
			defaultConfigurationIsVisible = 0;
			defaultConfigurationName = Release;
		};
/* End XCConfigurationList section */

/* Begin XCRemoteSwiftPackageReference section */
		B277474E2A1DA8140086E0F4 /* XCRemoteSwiftPackageReference "ReactorKit" */ = {
			isa = XCRemoteSwiftPackageReference;
			repositoryURL = "https://github.com/ReactorKit/ReactorKit";
			requirement = {
				kind = upToNextMajorVersion;
				minimumVersion = 3.0.0;
			};
		};
		B27747512A1DA82E0086E0F4 /* XCRemoteSwiftPackageReference "RxSwift" */ = {
			isa = XCRemoteSwiftPackageReference;
			repositoryURL = "https://github.com/ReactiveX/RxSwift";
			requirement = {
				kind = upToNextMajorVersion;
				minimumVersion = 6.0.0;
			};
		};
		B27747582A1DA84E0086E0F4 /* XCRemoteSwiftPackageReference "RxDataSources" */ = {
			isa = XCRemoteSwiftPackageReference;
			repositoryURL = "https://github.com/RxSwiftCommunity/RxDataSources";
			requirement = {
				kind = upToNextMajorVersion;
				minimumVersion = 5.0.0;
			};
		};
		B277475D2A1DA8710086E0F4 /* XCRemoteSwiftPackageReference "Moya" */ = {
			isa = XCRemoteSwiftPackageReference;
			repositoryURL = "https://github.com/Moya/Moya";
			requirement = {
				kind = upToNextMajorVersion;
				minimumVersion = 15.0.0;
			};
		};
		B27747602A1DA8830086E0F4 /* XCRemoteSwiftPackageReference "Then" */ = {
			isa = XCRemoteSwiftPackageReference;
			repositoryURL = "https://github.com/devxoul/Then";
			requirement = {
				kind = upToNextMajorVersion;
				minimumVersion = 3.0.0;
			};
		};
		B27747632A1DA8950086E0F4 /* XCRemoteSwiftPackageReference "Hook" */ = {
			isa = XCRemoteSwiftPackageReference;
			repositoryURL = "https://github.com/lyfeoncloudnine/Hook";
			requirement = {
				kind = upToNextMajorVersion;
				minimumVersion = 1.0.0;
			};
		};
		B27747662A1DA9DC0086E0F4 /* XCRemoteSwiftPackageReference "Kingfisher" */ = {
			isa = XCRemoteSwiftPackageReference;
			repositoryURL = "https://github.com/onevcat/Kingfisher";
			requirement = {
				kind = upToNextMajorVersion;
				minimumVersion = 7.0.0;
			};
		};
		B27747902A1DC86A0086E0F4 /* XCRemoteSwiftPackageReference "Quick" */ = {
			isa = XCRemoteSwiftPackageReference;
			repositoryURL = "https://github.com/Quick/Quick";
			requirement = {
				kind = upToNextMajorVersion;
				minimumVersion = 7.0.0;
			};
		};
/* End XCRemoteSwiftPackageReference section */

/* Begin XCSwiftPackageProductDependency section */
		B277474F2A1DA8140086E0F4 /* ReactorKit */ = {
			isa = XCSwiftPackageProductDependency;
			package = B277474E2A1DA8140086E0F4 /* XCRemoteSwiftPackageReference "ReactorKit" */;
			productName = ReactorKit;
		};
		B27747522A1DA82E0086E0F4 /* RxCocoa */ = {
			isa = XCSwiftPackageProductDependency;
			package = B27747512A1DA82E0086E0F4 /* XCRemoteSwiftPackageReference "RxSwift" */;
			productName = RxCocoa;
		};
		B27747542A1DA82E0086E0F4 /* RxRelay */ = {
			isa = XCSwiftPackageProductDependency;
			package = B27747512A1DA82E0086E0F4 /* XCRemoteSwiftPackageReference "RxSwift" */;
			productName = RxRelay;
		};
		B27747562A1DA82E0086E0F4 /* RxSwift */ = {
			isa = XCSwiftPackageProductDependency;
			package = B27747512A1DA82E0086E0F4 /* XCRemoteSwiftPackageReference "RxSwift" */;
			productName = RxSwift;
		};
		B27747592A1DA84E0086E0F4 /* Differentiator */ = {
			isa = XCSwiftPackageProductDependency;
			package = B27747582A1DA84E0086E0F4 /* XCRemoteSwiftPackageReference "RxDataSources" */;
			productName = Differentiator;
		};
		B277475B2A1DA84E0086E0F4 /* RxDataSources */ = {
			isa = XCSwiftPackageProductDependency;
			package = B27747582A1DA84E0086E0F4 /* XCRemoteSwiftPackageReference "RxDataSources" */;
			productName = RxDataSources;
		};
		B277475E2A1DA8720086E0F4 /* RxMoya */ = {
			isa = XCSwiftPackageProductDependency;
			package = B277475D2A1DA8710086E0F4 /* XCRemoteSwiftPackageReference "Moya" */;
			productName = RxMoya;
		};
		B27747612A1DA8830086E0F4 /* Then */ = {
			isa = XCSwiftPackageProductDependency;
			package = B27747602A1DA8830086E0F4 /* XCRemoteSwiftPackageReference "Then" */;
			productName = Then;
		};
		B27747642A1DA8950086E0F4 /* Hook */ = {
			isa = XCSwiftPackageProductDependency;
			package = B27747632A1DA8950086E0F4 /* XCRemoteSwiftPackageReference "Hook" */;
			productName = Hook;
		};
		B27747672A1DA9DC0086E0F4 /* Kingfisher */ = {
			isa = XCSwiftPackageProductDependency;
			package = B27747662A1DA9DC0086E0F4 /* XCRemoteSwiftPackageReference "Kingfisher" */;
			productName = Kingfisher;
		};
		B27747912A1DC86A0086E0F4 /* Quick */ = {
			isa = XCSwiftPackageProductDependency;
			package = B27747902A1DC86A0086E0F4 /* XCRemoteSwiftPackageReference "Quick" */;
			productName = Quick;
		};
/* End XCSwiftPackageProductDependency section */
	};
	rootObject = B277471E2A1DA4FC0086E0F4 /* Project object */;
}
